github.com/Azure/azure-sdk-for-go/sdk/azcore v1.9.1 h1:lGlwhPtrX6EVml1hO0ivjkUxsSyl4dsiw9qcA1k/3IQ=
github.com/Azure/azure-sdk-for-go/sdk/azcore v1.9.1/go.mod h1:RKUqNu35KJYcVG/fqTRqmuXJZYNhYkBrnC/hX7yGbTA=
github.com/Azure/azure-sdk-for-go/sdk/azidentity v1.4.0 h1:BMAjVKJM0U/CYF27gA0ZMmXGkOcvfFtD0oHVZ1TIPRI=
github.com/Azure/azure-sdk-for-go/sdk/internal v1.5.1 h1:6oNBlSdi1QqM1PNW7FPA6xOGA5UNsXnkaYZz9vdPGhA=
github.com/Azure/azure-sdk-for-go/sdk/internal v1.5.1/go.mod h1:s4kgfzA0covAXNicZHDMN58jExvcng2mC/DepXiF1EI=
github.com/Azure/azure-sdk-for-go/sdk/messaging/azeventhubs v1.0.3 h1:zkAs5JZZm1Yr4lxLUj3xt2FLgKmvcwGt3a94iJ8rgew=
github.com/Azure/azure-sdk-for-go/sdk/messaging/azeventhubs v1.0.3/go.mod h1:P39PnDHXbDhUV+BVw/8Nb7wQnM76jKUA7qx5T7eS+BU=
github.com/Azure/azure-sdk-for-go/sdk/resourcemanager/eventhub/armeventhub v1.0.0 h1:BWeAAEzkCnL0ABVJqs+4mYudNch7oFGPtTlSmIWL8ms=
github.com/Azure/azure-sdk-for-go/sdk/resourcemanager/storage/armstorage v1.5.0 h1:AifHbc4mg0x9zW52WOpKbsHaDKuRhlI7TVl47thgQ70=
github.com/Azure/azure-sdk-for-go/sdk/storage/azblob v1.2.1 h1:AMf7YbZOZIW5b66cXNHMWWT/zkjhz5+a+k/3x40EO7E=
github.com/Azure/azure-sdk-for-go/sdk/storage/azblob v1.2.1/go.mod h1:uwfk06ZBcvL/g4VHNjurPfVln9NMbsk2XIZxJ+hu81k=
github.com/Azure/go-amqp v1.0.2 h1:zHCHId+kKC7fO8IkwyZJnWMvtRXhYC0VJtD0GYkHc6M=
github.com/Azure/go-amqp v1.0.2/go.mod h1:vZAogwdrkbyK3Mla8m/CxSc/aKdnTZ4IbPxl51Y5WZE=
github.com/AzureAD/microsoft-authentication-library-for-go v1.1.1 h1:WpB/QDNLpMw72xHJc34BNNykqSOeEJDAWkhf0u12/Jk=
github.com/davecgh/go-spew v1.1.1 h1:vj9j/u1bqnvCEfJOwUhtlOARqs3+rkHYY13jYWTU97c=
github.com/dnaeon/go-vcr v1.2.0 h1:zHCHvJYTMh1N7xnV7zf1m1GPBF9Ad0Jk/whtQ1663qI=
github.com/fortytw2/leaktest v1.3.0 h1:u8491cBMTQ8ft8aeV+adlcytMZylmA5nnwwkRZjI8vw=
github.com/golang-jwt/jwt/v5 v5.0.0 h1:1n1XNM9hk7O9mnQoNBGolZvzebBQ7p93ULHRc28XJUE=
github.com/golang/mock v1.6.0 h1:ErTB+efbowRARo13NNdxyJji2egdxLGQhRaY+DUumQc=
github.com/google/go-cmp v0.5.9 h1:O2Tfq5qg4qc4AmwVlvv0oLiVAGB7enBSJ2x2DqQFi38=
github.com/google/uuid v1.3.1 h1:KjJaJ9iWZ3jOFZIf1Lqf4laDRCasjl0BCmnEGxkdLb4=
github.com/jamiealquiza/tachymeter v2.0.0+incompatible h1:mGiF1DGo8l6vnGT8FXNNcIXht/YmjzfraiUprXYwJ6g=
github.com/jamiealquiza/tachymeter v2.0.0+incompatible/go.mod h1:Ayf6zPZKEnLsc3winWEXJRkTBhdHo58HODAu1oFJkYU=
github.com/joho/godotenv v1.4.0 h1:3l4+N6zfMWnkbPEXKng2o2/MR5mSwTrBih4ZEkkz1lg=
github.com/klauspost/compress v1.10.3 h1:OP96hzwJVBIHYU52pVTI6CczrxPvrGfgqF9N5eTO0Q8=
github.com/kylelemons/godebug v1.1.0 h1:RPNrshWIDI6G2gRW9EHilWtl7Z6Sb1BR0xunSBf0SNc=
github.com/pkg/browser v0.0.0-20210911075715-681adbf594b8 h1:KoWmjvw+nsYOo29YJK9vDA65RGE3NrOnUtO7a+RF9HU=
github.com/pmezard/go-difflib v1.0.0 h1:4DBwDE0NGyQoBHbLQYPwSUPoCMWR5BEzIk/f1lZbAQM=
github.com/stretchr/testify v1.8.4 h1:CcVxjf3Q8PM0mHUKJCdn+eZZtm5yQwehR5yeSVQQcUk=
golang.org/x/crypto v0.16.0 h1:mMMrFzRSCF0GvB7Ne27XVtVAaXLrPmgPC7/v0tkwHaY=
golang.org/x/net v0.19.0 h1:zTwKpTd2XuCqf8huc7Fo2iSy+4RHPd10s4KzeTnVr1c=
golang.org/x/net v0.19.0/go.mod h1:CfAk/cbD4CthTvqiEl8NpboMuiuOYsAr/7NOjZJtv1U=
golang.org/x/sys v0.15.0 h1:h48lPFYpsTvQJZF4EKyI4aLHaev3CxivZmv7yZig9pc=
golang.org/x/text v0.14.0 h1:ScX5w1eTa3QqT8oi6+ziP7dTV1S2+ALU0bI+0zXKWiQ=
golang.org/x/text v0.14.0/go.mod h1:18ZOQIKpY8NJVqYksKHtTdi31H5itFRjB5/qKTNYzSU=
gopkg.in/yaml.v2 v2.4.0 h1:D8xgwECY7CYvx+Y2n4sBz93Jn9JRvxdiyyo8CTfuKaY=
gopkg.in/yaml.v3 v3.0.1 h1:fxVm/GzAzEWqLHuvctI91KS9hhNmmWOoWu0XTYJS7CA=
nhooyr.io/websocket v1.8.7 h1:usjR2uOr/zjjkVMy0lW+PPohFok7PCow5sDjLgX4P4g=
